
Microsoft Visual Studio Solution File, Format Version 12.00
# Visual Studio Version 17
VisualStudioVersion = 17.12.35707.178
MinimumVisualStudioVersion = 10.0.40219.1
Project("{2150E333-8FDC-42A3-9474-1A3956D46DE8}") = "ASP.NET Core Identity", "ASP.NET Core Identity", "{3D8E153E-1E47-4DF2-8563-82A585166687}"
EndProject
Project("{2150E333-8FDC-42A3-9474-1A3956D46DE8}") = "With BFF", "With BFF", "{AE9D1037-185A-4E0A-8BE5-991095FB512E}"
EndProject
Project("{FAE04EC0-301F-11D3-BF4B-00C04F79EFBC}") = "BlazorWebApp", "BlazorWebApp\BlazorWebApp\BlazorWebApp.csproj", "{592193FF-2828-4292-9F39-719786363F46}"
EndProject
Project("{FAE04EC0-301F-11D3-BF4B-00C04F79EFBC}") = "BlazorWebApp.Client", "BlazorWebApp\BlazorWebApp.Client\BlazorWebApp.Client.csproj", "{A1548A39-DF60-4492-9FE9-D248BDBA05CE}"
EndProject
Project("{FAE04EC0-301F-11D3-BF4B-00C04F79EFBC}") = "Aspire.AppHost", "BlazorWebAppBFF\Aspire\Aspire.AppHost\Aspire.AppHost.csproj", "{F394DFE8-18B4-445B-8D02-0723D5325C89}"
EndProject
Project("{FAE04EC0-301F-11D3-BF4B-00C04F79EFBC}") = "Aspire.ServiceDefaults", "BlazorWebAppBFF\Aspire\Aspire.ServiceDefaults\Aspire.ServiceDefaults.csproj", "{CCA06345-09D1-4C28-A301-F4AA354AA555}"
EndProject
Project("{FAE04EC0-301F-11D3-BF4B-00C04F79EFBC}") = "BlazorWebAppOidc", "BlazorWebAppBFF\BlazorWebAppOidc\BlazorWebAppOidc.csproj", "{D058C905-1791-45D0-AA7C-35BD60B7C5DB}"
EndProject
Project("{FAE04EC0-301F-11D3-BF4B-00C04F79EFBC}") = "BlazorWebAppOidc.Client", "BlazorWebAppBFF\BlazorWebAppOidc.Client\BlazorWebAppOidc.Client.csproj", "{38F90647-B55F-4A02-BAAF-F1AACA4CD17C}"
EndProject
Project("{FAE04EC0-301F-11D3-BF4B-00C04F79EFBC}") = "MinimalApiJwt", "BlazorWebAppBFF\MinimalApiJwt\MinimalApiJwt.csproj", "{2763BD5D-899D-4847-B974-516ED76C028B}"
EndProject
Project("{2150E333-8FDC-42A3-9474-1A3956D46DE8}") = "WindowsAuth", "WindowsAuth", "{74027533-108B-47A3-8304-747849532AC5}"
EndProject
Project("{FAE04EC0-301F-11D3-BF4B-00C04F79EFBC}") = "BlazorAppWindowsAuth", "BlazorAppWindowsAuth\BlazorAppWindowsAuth.csproj", "{FF24B8CB-1C5D-4C1B-8C9A-E5A10DA4BDDA}"
EndProject
Project("{2150E333-8FDC-42A3-9474-1A3956D46DE8}") = "OpenIdConnect", "OpenIdConnect", "{EDA2493B-A140-4902-AC54-AA69C2CAB295}"
EndProject
Project("{2150E333-8FDC-42A3-9474-1A3956D46DE8}") = "RenderModes", "RenderModes", "{3227D82B-BE62-4C7B-B404-2BAD2D77CB0E}"
EndProject
Project("{FAE04EC0-301F-11D3-BF4B-00C04F79EFBC}") = "RenderModesDemo", "RenderModesDemo\RenderModesDemo\RenderModesDemo.csproj", "{65EA9150-2C60-4163-B3D9-440CA8F51914}"
EndProject
Project("{FAE04EC0-301F-11D3-BF4B-00C04F79EFBC}") = "RenderModesDemo.Client", "RenderModesDemo\RenderModesDemo.Client\RenderModesDemo.Client.csproj", "{3658E407-6F16-4924-8539-C3289A4971A4}"
EndProject
Project("{2150E333-8FDC-42A3-9474-1A3956D46DE8}") = "WithoutBFF", "WithoutBFF", "{5BDF7E39-267D-44EF-B1BA-B544E0941F51}"
EndProject
Project("{FAE04EC0-301F-11D3-BF4B-00C04F79EFBC}") = "BlazorWebAppOidc", "BlazorWebAppNonBFF\BlazorWebAppOidc\BlazorWebAppOidc.csproj", "{436620F7-F762-485A-B185-441A1C2F1316}"
EndProject
Project("{FAE04EC0-301F-11D3-BF4B-00C04F79EFBC}") = "BlazorWebAppOidc.Client", "BlazorWebAppNonBFF\BlazorWebAppOidc.Client\BlazorWebAppOidc.Client.csproj", "{DEE0A837-D7BF-4FB5-9CA2-378BA5836161}"
EndProject
Global
	GlobalSection(SolutionConfigurationPlatforms) = preSolution
		Debug|Any CPU = Debug|Any CPU
		Release|Any CPU = Release|Any CPU
	EndGlobalSection
	GlobalSection(ProjectConfigurationPlatforms) = postSolution
		{592193FF-2828-4292-9F39-719786363F46}.Debug|Any CPU.ActiveCfg = Debug|Any CPU
		{592193FF-2828-4292-9F39-719786363F46}.Debug|Any CPU.Build.0 = Debug|Any CPU
		{592193FF-2828-4292-9F39-719786363F46}.Release|Any CPU.ActiveCfg = Release|Any CPU
		{592193FF-2828-4292-9F39-719786363F46}.Release|Any CPU.Build.0 = Release|Any CPU
		{A1548A39-DF60-4492-9FE9-D248BDBA05CE}.Debug|Any CPU.ActiveCfg = Debug|Any CPU
		{A1548A39-DF60-4492-9FE9-D248BDBA05CE}.Debug|Any CPU.Build.0 = Debug|Any CPU
		{A1548A39-DF60-4492-9FE9-D248BDBA05CE}.Release|Any CPU.ActiveCfg = Release|Any CPU
		{A1548A39-DF60-4492-9FE9-D248BDBA05CE}.Release|Any CPU.Build.0 = Release|Any CPU
		{F394DFE8-18B4-445B-8D02-0723D5325C89}.Debug|Any CPU.ActiveCfg = Debug|Any CPU
		{F394DFE8-18B4-445B-8D02-0723D5325C89}.Debug|Any CPU.Build.0 = Debug|Any CPU
		{F394DFE8-18B4-445B-8D02-0723D5325C89}.Release|Any CPU.ActiveCfg = Release|Any CPU
		{F394DFE8-18B4-445B-8D02-0723D5325C89}.Release|Any CPU.Build.0 = Release|Any CPU
		{CCA06345-09D1-4C28-A301-F4AA354AA555}.Debug|Any CPU.ActiveCfg = Debug|Any CPU
		{CCA06345-09D1-4C28-A301-F4AA354AA555}.Debug|Any CPU.Build.0 = Debug|Any CPU
		{CCA06345-09D1-4C28-A301-F4AA354AA555}.Release|Any CPU.ActiveCfg = Release|Any CPU
		{CCA06345-09D1-4C28-A301-F4AA354AA555}.Release|Any CPU.Build.0 = Release|Any CPU
		{D058C905-1791-45D0-AA7C-35BD60B7C5DB}.Debug|Any CPU.ActiveCfg = Debug|Any CPU
		{D058C905-1791-45D0-AA7C-35BD60B7C5DB}.Debug|Any CPU.Build.0 = Debug|Any CPU
		{D058C905-1791-45D0-AA7C-35BD60B7C5DB}.Release|Any CPU.ActiveCfg = Release|Any CPU
		{D058C905-1791-45D0-AA7C-35BD60B7C5DB}.Release|Any CPU.Build.0 = Release|Any CPU
		{38F90647-B55F-4A02-BAAF-F1AACA4CD17C}.Debug|Any CPU.ActiveCfg = Debug|Any CPU
		{38F90647-B55F-4A02-BAAF-F1AACA4CD17C}.Debug|Any CPU.Build.0 = Debug|Any CPU
		{38F90647-B55F-4A02-BAAF-F1AACA4CD17C}.Release|Any CPU.ActiveCfg = Release|Any CPU
		{38F90647-B55F-4A02-BAAF-F1AACA4CD17C}.Release|Any CPU.Build.0 = Release|Any CPU
		{2763BD5D-899D-4847-B974-516ED76C028B}.Debug|Any CPU.ActiveCfg = Debug|Any CPU
		{2763BD5D-899D-4847-B974-516ED76C028B}.Debug|Any CPU.Build.0 = Debug|Any CPU
		{2763BD5D-899D-4847-B974-516ED76C028B}.Release|Any CPU.ActiveCfg = Release|Any CPU
		{2763BD5D-899D-4847-B974-516ED76C028B}.Release|Any CPU.Build.0 = Release|Any CPU
		{FF24B8CB-1C5D-4C1B-8C9A-E5A10DA4BDDA}.Debug|Any CPU.ActiveCfg = Debug|Any CPU
		{FF24B8CB-1C5D-4C1B-8C9A-E5A10DA4BDDA}.Debug|Any CPU.Build.0 = Debug|Any CPU
		{FF24B8CB-1C5D-4C1B-8C9A-E5A10DA4BDDA}.Release|Any CPU.ActiveCfg = Release|Any CPU
		{FF24B8CB-1C5D-4C1B-8C9A-E5A10DA4BDDA}.Release|Any CPU.Build.0 = Release|Any CPU
		{65EA9150-2C60-4163-B3D9-440CA8F51914}.Debug|Any CPU.ActiveCfg = Debug|Any CPU
		{65EA9150-2C60-4163-B3D9-440CA8F51914}.Debug|Any CPU.Build.0 = Debug|Any CPU
		{65EA9150-2C60-4163-B3D9-440CA8F51914}.Release|Any CPU.ActiveCfg = Release|Any CPU
		{65EA9150-2C60-4163-B3D9-440CA8F51914}.Release|Any CPU.Build.0 = Release|Any CPU
		{3658E407-6F16-4924-8539-C3289A4971A4}.Debug|Any CPU.ActiveCfg = Debug|Any CPU
		{3658E407-6F16-4924-8539-C3289A4971A4}.Debug|Any CPU.Build.0 = Debug|Any CPU
		{3658E407-6F16-4924-8539-C3289A4971A4}.Release|Any CPU.ActiveCfg = Release|Any CPU
		{3658E407-6F16-4924-8539-C3289A4971A4}.Release|Any CPU.Build.0 = Release|Any CPU
		{436620F7-F762-485A-B185-441A1C2F1316}.Debug|Any CPU.ActiveCfg = Debug|Any CPU
		{436620F7-F762-485A-B185-441A1C2F1316}.Debug|Any CPU.Build.0 = Debug|Any CPU
		{436620F7-F762-485A-B185-441A1C2F1316}.Release|Any CPU.ActiveCfg = Release|Any CPU
		{436620F7-F762-485A-B185-441A1C2F1316}.Release|Any CPU.Build.0 = Release|Any CPU
		{DEE0A837-D7BF-4FB5-9CA2-378BA5836161}.Debug|Any CPU.ActiveCfg = Debug|Any CPU
		{DEE0A837-D7BF-4FB5-9CA2-378BA5836161}.Debug|Any CPU.Build.0 = Debug|Any CPU
		{DEE0A837-D7BF-4FB5-9CA2-378BA5836161}.Release|Any CPU.ActiveCfg = Release|Any CPU
		{DEE0A837-D7BF-4FB5-9CA2-378BA5836161}.Release|Any CPU.Build.0 = Release|Any CPU
	EndGlobalSection
	GlobalSection(SolutionProperties) = preSolution
		HideSolutionNode = FALSE
	EndGlobalSection
	GlobalSection(NestedProjects) = preSolution
		{AE9D1037-185A-4E0A-8BE5-991095FB512E} = {EDA2493B-A140-4902-AC54-AA69C2CAB295}
		{592193FF-2828-4292-9F39-719786363F46} = {3D8E153E-1E47-4DF2-8563-82A585166687}
		{A1548A39-DF60-4492-9FE9-D248BDBA05CE} = {3D8E153E-1E47-4DF2-8563-82A585166687}
		{F394DFE8-18B4-445B-8D02-0723D5325C89} = {AE9D1037-185A-4E0A-8BE5-991095FB512E}
		{CCA06345-09D1-4C28-A301-F4AA354AA555} = {AE9D1037-185A-4E0A-8BE5-991095FB512E}
		{D058C905-1791-45D0-AA7C-35BD60B7C5DB} = {AE9D1037-185A-4E0A-8BE5-991095FB512E}
		{38F90647-B55F-4A02-BAAF-F1AACA4CD17C} = {AE9D1037-185A-4E0A-8BE5-991095FB512E}
		{2763BD5D-899D-4847-B974-516ED76C028B} = {AE9D1037-185A-4E0A-8BE5-991095FB512E}
		{FF24B8CB-1C5D-4C1B-8C9A-E5A10DA4BDDA} = {74027533-108B-47A3-8304-747849532AC5}
		{65EA9150-2C60-4163-B3D9-440CA8F51914} = {3227D82B-BE62-4C7B-B404-2BAD2D77CB0E}
		{3658E407-6F16-4924-8539-C3289A4971A4} = {3227D82B-BE62-4C7B-B404-2BAD2D77CB0E}
		{5BDF7E39-267D-44EF-B1BA-B544E0941F51} = {EDA2493B-A140-4902-AC54-AA69C2CAB295}
		{436620F7-F762-485A-B185-441A1C2F1316} = {5BDF7E39-267D-44EF-B1BA-B544E0941F51}
		{DEE0A837-D7BF-4FB5-9CA2-378BA5836161} = {5BDF7E39-267D-44EF-B1BA-B544E0941F51}
	EndGlobalSection
EndGlobal
